// !$*UTF8*$!
{
	archiveVersion = 1;
	classes = {
	};
	objectVersion = 50;
	objects = {

/* Begin PBXBuildFile section */
		4F01CB0A23EED5E7003FB003 /* OperateRequestManager.swift in Sources */ = {isa = PBXBuildFile; fileRef = 4F01CB0923EED5E7003FB003 /* OperateRequestManager.swift */; };
		4F01CB0C23F16648003FB003 /* ConnectionManager.swift in Sources */ = {isa = PBXBuildFile; fileRef = 4F01CB0B23F16648003FB003 /* ConnectionManager.swift */; };
		4F01CB0F23F17C31003FB003 /* MenuManager.swift in Sources */ = {isa = PBXBuildFile; fileRef = 4F01CB0E23F17C31003FB003 /* MenuManager.swift */; };
		4F01CB1123F193C4003FB003 /* AddressManager.swift in Sources */ = {isa = PBXBuildFile; fileRef = 4F01CB1023F193C4003FB003 /* AddressManager.swift */; };
		4FC9A4E423F2643900C1BBB5 /* CursorWindowController.swift in Sources */ = {isa = PBXBuildFile; fileRef = 4FC9A4E323F2643900C1BBB5 /* CursorWindowController.swift */; };
		4FC9A4E623F2DAA500C1BBB5 /* PresentationOperateManager.swift in Sources */ = {isa = PBXBuildFile; fileRef = 4FC9A4E523F2DAA500C1BBB5 /* PresentationOperateManager.swift */; };
		550E83CB21D3AAF100E071BE /* Assets.xcassets in Resources */ = {isa = PBXBuildFile; fileRef = 550E83CA21D3AAF000E071BE /* Assets.xcassets */; };
		550E83D121D4A6A900E071BE /* JSONManager.swift in Sources */ = {isa = PBXBuildFile; fileRef = 550E83D021D4A6A900E071BE /* JSONManager.swift */; };
		559BA78621D06DCC00262A80 /* Hock.swift in Sources */ = {isa = PBXBuildFile; fileRef = 559BA78521D06DCC00262A80 /* Hock.swift */; };
		559BA79521D0E13A00262A80 /* NetworkExtension.framework in Frameworks */ = {isa = PBXBuildFile; fileRef = 559BA79421D0E13A00262A80 /* NetworkExtension.framework */; };
		559BA79721D10FE200262A80 /* SocketManager.swift in Sources */ = {isa = PBXBuildFile; fileRef = 559BA79621D10FE200262A80 /* SocketManager.swift */; };
		55E46C5C21C642C200EAD8B1 /* AppDelegate.swift in Sources */ = {isa = PBXBuildFile; fileRef = 55E46C5B21C642C200EAD8B1 /* AppDelegate.swift */; };
		55E46C5E21C642C200EAD8B1 /* ViewController.swift in Sources */ = {isa = PBXBuildFile; fileRef = 55E46C5D21C642C200EAD8B1 /* ViewController.swift */; };
		55E46C6321C642C500EAD8B1 /* Main.storyboard in Resources */ = {isa = PBXBuildFile; fileRef = 55E46C6121C642C500EAD8B1 /* Main.storyboard */; };
		55E46C6C21C6504E00EAD8B1 /* WindowController.swift in Sources */ = {isa = PBXBuildFile; fileRef = 55E46C6B21C6504E00EAD8B1 /* WindowController.swift */; };
		55E46C6E21C66F0A00EAD8B1 /* TranslateFunctions.swift in Sources */ = {isa = PBXBuildFile; fileRef = 55E46C6D21C66F0A00EAD8B1 /* TranslateFunctions.swift */; };
/* End PBXBuildFile section */

/* Begin PBXFileReference section */
		4F01CB0923EED5E7003FB003 /* OperateRequestManager.swift */ = {isa = PBXFileReference; lastKnownFileType = sourcecode.swift; path = OperateRequestManager.swift; sourceTree = "<group>"; };
		4F01CB0B23F16648003FB003 /* ConnectionManager.swift */ = {isa = PBXFileReference; lastKnownFileType = sourcecode.swift; path = ConnectionManager.swift; sourceTree = "<group>"; };
		4F01CB0E23F17C31003FB003 /* MenuManager.swift */ = {isa = PBXFileReference; lastKnownFileType = sourcecode.swift; path = MenuManager.swift; sourceTree = "<group>"; };
		4F01CB1023F193C4003FB003 /* AddressManager.swift */ = {isa = PBXFileReference; lastKnownFileType = sourcecode.swift; path = AddressManager.swift; sourceTree = "<group>"; };
		4FC9A4E323F2643900C1BBB5 /* CursorWindowController.swift */ = {isa = PBXFileReference; lastKnownFileType = sourcecode.swift; path = CursorWindowController.swift; sourceTree = "<group>"; };
		4FC9A4E523F2DAA500C1BBB5 /* PresentationOperateManager.swift */ = {isa = PBXFileReference; lastKnownFileType = sourcecode.swift; path = PresentationOperateManager.swift; sourceTree = "<group>"; };
		550E83CA21D3AAF000E071BE /* Assets.xcassets */ = {isa = PBXFileReference; lastKnownFileType = folder.assetcatalog; path = Assets.xcassets; sourceTree = "<group>"; };
		550E83D021D4A6A900E071BE /* JSONManager.swift */ = {isa = PBXFileReference; lastKnownFileType = sourcecode.swift; path = JSONManager.swift; sourceTree = "<group>"; };
		558DFE8E21DB2BCF00DB4BB7 /* Kernel.framework */ = {isa = PBXFileReference; lastKnownFileType = wrapper.framework; name = Kernel.framework; path = System/Library/Frameworks/Kernel.framework; sourceTree = SDKROOT; };
		559BA78521D06DCC00262A80 /* Hock.swift */ = {isa = PBXFileReference; lastKnownFileType = sourcecode.swift; path = Hock.swift; sourceTree = "<group>"; };
		559BA78E21D0A28000262A80 /* Mouse_Test-Bridging-Header.h */ = {isa = PBXFileReference; lastKnownFileType = sourcecode.c.h; path = "Mouse_Test-Bridging-Header.h"; sourceTree = "<group>"; };
		559BA79421D0E13A00262A80 /* NetworkExtension.framework */ = {isa = PBXFileReference; lastKnownFileType = wrapper.framework; name = NetworkExtension.framework; path = System/Library/Frameworks/NetworkExtension.framework; sourceTree = SDKROOT; };
		559BA79621D10FE200262A80 /* SocketManager.swift */ = {isa = PBXFileReference; lastKnownFileType = sourcecode.swift; path = SocketManager.swift; sourceTree = "<group>"; };
		55E46C5821C642C200EAD8B1 /* Mouse_Test.app */ = {isa = PBXFileReference; explicitFileType = wrapper.application; includeInIndex = 0; path = Mouse_Test.app; sourceTree = BUILT_PRODUCTS_DIR; };
		55E46C5B21C642C200EAD8B1 /* AppDelegate.swift */ = {isa = PBXFileReference; lastKnownFileType = sourcecode.swift; path = AppDelegate.swift; sourceTree = "<group>"; };
		55E46C5D21C642C200EAD8B1 /* ViewController.swift */ = {isa = PBXFileReference; lastKnownFileType = sourcecode.swift; path = ViewController.swift; sourceTree = "<group>"; };
		55E46C6221C642C500EAD8B1 /* Base */ = {isa = PBXFileReference; lastKnownFileType = file.storyboard; name = Base; path = Base.lproj/Main.storyboard; sourceTree = "<group>"; };
		55E46C6421C642C500EAD8B1 /* Info.plist */ = {isa = PBXFileReference; lastKnownFileType = text.plist.xml; path = Info.plist; sourceTree = "<group>"; };
		55E46C6521C642C500EAD8B1 /* Mouse_Test.entitlements */ = {isa = PBXFileReference; lastKnownFileType = text.plist.entitlements; path = Mouse_Test.entitlements; sourceTree = "<group>"; };
		55E46C6B21C6504E00EAD8B1 /* WindowController.swift */ = {isa = PBXFileReference; lastKnownFileType = sourcecode.swift; path = WindowController.swift; sourceTree = "<group>"; };
		55E46C6D21C66F0A00EAD8B1 /* TranslateFunctions.swift */ = {isa = PBXFileReference; lastKnownFileType = sourcecode.swift; path = TranslateFunctions.swift; sourceTree = "<group>"; };
/* End PBXFileReference section */

/* Begin PBXFrameworksBuildPhase section */
		55E46C5521C642C200EAD8B1 /* Frameworks */ = {
			isa = PBXFrameworksBuildPhase;
			buildActionMask = 2147483647;
			files = (
				559BA79521D0E13A00262A80 /* NetworkExtension.framework in Frameworks */,
			);
			runOnlyForDeploymentPostprocessing = 0;
		};
/* End PBXFrameworksBuildPhase section */

/* Begin PBXGroup section */
		4F01CB0D23F179C2003FB003 /* Manager */ = {
			isa = PBXGroup;
			children = (
				4F01CB0B23F16648003FB003 /* ConnectionManager.swift */,
				4F01CB0923EED5E7003FB003 /* OperateRequestManager.swift */,
				559BA79621D10FE200262A80 /* SocketManager.swift */,
				550E83D021D4A6A900E071BE /* JSONManager.swift */,
				4F01CB0E23F17C31003FB003 /* MenuManager.swift */,
				4F01CB1023F193C4003FB003 /* AddressManager.swift */,
				4FC9A4E523F2DAA500C1BBB5 /* PresentationOperateManager.swift */,
			);
			path = Manager;
			sourceTree = "<group>";
		};
		55E46C4F21C642C200EAD8B1 = {
			isa = PBXGroup;
			children = (
				55E46C5A21C642C200EAD8B1 /* Mouse_Test */,
				BB1E51123BFC9D62609DD4B1 /* Frameworks */,
			);
			sourceTree = "<group>";
		};
		55E46C5921C642C200EAD8B1 /* Products */ = {
			isa = PBXGroup;
			children = (
				55E46C5821C642C200EAD8B1 /* Mouse_Test.app */,
			);
			name = Products;
			path = ..;
			sourceTree = "<group>";
		};
		55E46C5A21C642C200EAD8B1 /* Mouse_Test */ = {
			isa = PBXGroup;
			children = (
				4F01CB0D23F179C2003FB003 /* Manager */,
				55E46C5B21C642C200EAD8B1 /* AppDelegate.swift */,
				559BA78521D06DCC00262A80 /* Hock.swift */,
				55E46C6B21C6504E00EAD8B1 /* WindowController.swift */,
				55E46C5D21C642C200EAD8B1 /* ViewController.swift */,
				55E46C6D21C66F0A00EAD8B1 /* TranslateFunctions.swift */,
				55E46C5921C642C200EAD8B1 /* Products */,
				550E83CA21D3AAF000E071BE /* Assets.xcassets */,
				55E46C6121C642C500EAD8B1 /* Main.storyboard */,
				55E46C6421C642C500EAD8B1 /* Info.plist */,
				55E46C6521C642C500EAD8B1 /* Mouse_Test.entitlements */,
				559BA78E21D0A28000262A80 /* Mouse_Test-Bridging-Header.h */,
				4FC9A4E323F2643900C1BBB5 /* CursorWindowController.swift */,
			);
			path = Mouse_Test;
			sourceTree = "<group>";
		};
		BB1E51123BFC9D62609DD4B1 /* Frameworks */ = {
			isa = PBXGroup;
			children = (
				558DFE8E21DB2BCF00DB4BB7 /* Kernel.framework */,
				559BA79421D0E13A00262A80 /* NetworkExtension.framework */,
			);
			name = Frameworks;
			sourceTree = "<group>";
		};
/* End PBXGroup section */

/* Begin PBXNativeTarget section */
		55E46C5721C642C200EAD8B1 /* Mouse_Test */ = {
			isa = PBXNativeTarget;
			buildConfigurationList = 55E46C6821C642C500EAD8B1 /* Build configuration list for PBXNativeTarget "Mouse_Test" */;
			buildPhases = (
				55E46C5421C642C200EAD8B1 /* Sources */,
				55E46C5521C642C200EAD8B1 /* Frameworks */,
				55E46C5621C642C200EAD8B1 /* Resources */,
			);
			buildRules = (
			);
			dependencies = (
			);
			name = Mouse_Test;
			productName = Mouse_Test;
			productReference = 55E46C5821C642C200EAD8B1 /* Mouse_Test.app */;
			productType = "com.apple.product-type.application";
		};
/* End PBXNativeTarget section */

/* Begin PBXProject section */
		55E46C5021C642C200EAD8B1 /* Project object */ = {
			isa = PBXProject;
			attributes = {
				LastSwiftUpdateCheck = 1010;
				LastUpgradeCheck = 1130;
				ORGANIZATIONNAME = Namid;
				TargetAttributes = {
					55E46C5721C642C200EAD8B1 = {
						CreatedOnToolsVersion = 10.1;
						LastSwiftMigration = 1010;
						SystemCapabilities = {
							com.apple.Sandbox = {
								enabled = 0;
							};
						};
					};
				};
			};
			buildConfigurationList = 55E46C5321C642C200EAD8B1 /* Build configuration list for PBXProject "Mouse_Test" */;
			compatibilityVersion = "Xcode 9.3";
			developmentRegion = en;
			hasScannedForEncodings = 0;
			knownRegions = (
				en,
				Base,
			);
			mainGroup = 55E46C4F21C642C200EAD8B1;
			productRefGroup = 55E46C5921C642C200EAD8B1 /* Products */;
			projectDirPath = "";
			projectRoot = "";
			targets = (
				55E46C5721C642C200EAD8B1 /* Mouse_Test */,
			);
		};
/* End PBXProject section */

/* Begin PBXResourcesBuildPhase section */
		55E46C5621C642C200EAD8B1 /* Resources */ = {
			isa = PBXResourcesBuildPhase;
			buildActionMask = 2147483647;
			files = (
				550E83CB21D3AAF100E071BE /* Assets.xcassets in Resources */,
				55E46C6321C642C500EAD8B1 /* Main.storyboard in Resources */,
			);
			runOnlyForDeploymentPostprocessing = 0;
		};
/* End PBXResourcesBuildPhase section */

/* Begin PBXSourcesBuildPhase section */
		55E46C5421C642C200EAD8B1 /* Sources */ = {
			isa = PBXSourcesBuildPhase;
			buildActionMask = 2147483647;
			files = (
				55E46C5E21C642C200EAD8B1 /* ViewController.swift in Sources */,
				4FC9A4E423F2643900C1BBB5 /* CursorWindowController.swift in Sources */,
				4F01CB1123F193C4003FB003 /* AddressManager.swift in Sources */,
				4F01CB0F23F17C31003FB003 /* MenuManager.swift in Sources */,
				55E46C6C21C6504E00EAD8B1 /* WindowController.swift in Sources */,
				4F01CB0A23EED5E7003FB003 /* OperateRequestManager.swift in Sources */,
				559BA79721D10FE200262A80 /* SocketManager.swift in Sources */,
				4F01CB0C23F16648003FB003 /* ConnectionManager.swift in Sources */,
				55E46C6E21C66F0A00EAD8B1 /* TranslateFunctions.swift in Sources */,
				559BA78621D06DCC00262A80 /* Hock.swift in Sources */,
				4FC9A4E623F2DAA500C1BBB5 /* PresentationOperateManager.swift in Sources */,
				550E83D121D4A6A900E071BE /* JSONManager.swift in Sources */,
				55E46C5C21C642C200EAD8B1 /* AppDelegate.swift in Sources */,
			);
			runOnlyForDeploymentPostprocessing = 0;
		};
/* End PBXSourcesBuildPhase section */

/* Begin PBXVariantGroup section */
		55E46C6121C642C500EAD8B1 /* Main.storyboard */ = {
			isa = PBXVariantGroup;
			children = (
				55E46C6221C642C500EAD8B1 /* Base */,
			);
			name = Main.storyboard;
			sourceTree = "<group>";
		};
/* End PBXVariantGroup section */

/* Begin XCBuildConfiguration section */
		55E46C6621C642C500EAD8B1 /* Debug */ = {
			isa = XCBuildConfiguration;
			buildSettings = {
				ALWAYS_SEARCH_USER_PATHS = NO;
				CLANG_ANALYZER_NONNULL = YES;
				CLANG_ANALYZER_NUMBER_OBJECT_CONVERSION = YES_AGGRESSIVE;
				CLANG_CXX_LANGUAGE_STANDARD = "gnu++14";
				CLANG_CXX_LIBRARY = "libc++";
				CLANG_ENABLE_MODULES = YES;
				CLANG_ENABLE_OBJC_ARC = YES;
				CLANG_ENABLE_OBJC_WEAK = YES;
				CLANG_WARN_BLOCK_CAPTURE_AUTORELEASING = YES;
				CLANG_WARN_BOOL_CONVERSION = YES;
				CLANG_WARN_COMMA = YES;
				CLANG_WARN_CONSTANT_CONVERSION = YES;
				CLANG_WARN_DEPRECATED_OBJC_IMPLEMENTATIONS = YES;
				CLANG_WARN_DIRECT_OBJC_ISA_USAGE = YES_ERROR;
				CLANG_WARN_DOCUMENTATION_COMMENTS = YES;
				CLANG_WARN_EMPTY_BODY = YES;
				CLANG_WARN_ENUM_CONVERSION = YES;
				CLANG_WARN_INFINITE_RECURSION = YES;
				CLANG_WARN_INT_CONVERSION = YES;
				CLANG_WARN_NON_LITERAL_NULL_CONVERSION = YES;
				CLANG_WARN_OBJC_IMPLICIT_RETAIN_SELF = YES;
				CLANG_WARN_OBJC_LITERAL_CONVERSION = YES;
				CLANG_WARN_OBJC_ROOT_CLASS = YES_ERROR;
				CLANG_WARN_RANGE_LOOP_ANALYSIS = YES;
				CLANG_WARN_STRICT_PROTOTYPES = YES;
				CLANG_WARN_SUSPICIOUS_MOVE = YES;
				CLANG_WARN_UNGUARDED_AVAILABILITY = YES_AGGRESSIVE;
				CLANG_WARN_UNREACHABLE_CODE = YES;
				CLANG_WARN__DUPLICATE_METHOD_MATCH = YES;
				CODE_SIGN_IDENTITY = "Mac Developer";
				COPY_PHASE_STRIP = NO;
				DEBUG_INFORMATION_FORMAT = dwarf;
				ENABLE_STRICT_OBJC_MSGSEND = YES;
				ENABLE_TESTABILITY = YES;
				GCC_C_LANGUAGE_STANDARD = gnu11;
				GCC_DYNAMIC_NO_PIC = NO;
				GCC_NO_COMMON_BLOCKS = YES;
				GCC_OPTIMIZATION_LEVEL = 0;
				GCC_PREPROCESSOR_DEFINITIONS = (
					"DEBUG=1",
					"$(inherited)",
				);
				GCC_WARN_64_TO_32_BIT_CONVERSION = YES;
				GCC_WARN_ABOUT_RETURN_TYPE = YES_ERROR;
				GCC_WARN_UNDECLARED_SELECTOR = YES;
				GCC_WARN_UNINITIALIZED_AUTOS = YES_AGGRESSIVE;
				GCC_WARN_UNUSED_FUNCTION = YES;
				GCC_WARN_UNUSED_VARIABLE = YES;
				MACOSX_DEPLOYMENT_TARGET = 10.14;
				MTL_ENABLE_DEBUG_INFO = INCLUDE_SOURCE;
				MTL_FAST_MATH = YES;
				ONLY_ACTIVE_ARCH = YES;
				SDKROOT = macosx;
				SWIFT_ACTIVE_COMPILATION_CONDITIONS = DEBUG;
				SWIFT_OPTIMIZATION_LEVEL = "-Onone";
			};
			name = Debug;
		};
		55E46C6721C642C500EAD8B1 /* Release */ = {
			isa = XCBuildConfiguration;
			buildSettings = {
				ALWAYS_SEARCH_USER_PATHS = NO;
				CLANG_ANALYZER_NONNULL = YES;
				CLANG_ANALYZER_NUMBER_OBJECT_CONVERSION = YES_AGGRESSIVE;
				CLANG_CXX_LANGUAGE_STANDARD = "gnu++14";
				CLANG_CXX_LIBRARY = "libc++";
				CLANG_ENABLE_MODULES = YES;
				CLANG_ENABLE_OBJC_ARC = YES;
				CLANG_ENABLE_OBJC_WEAK = YES;
				CLANG_WARN_BLOCK_CAPTURE_AUTORELEASING = YES;
				CLANG_WARN_BOOL_CONVERSION = YES;
				CLANG_WARN_COMMA = YES;
				CLANG_WARN_CONSTANT_CONVERSION = YES;
				CLANG_WARN_DEPRECATED_OBJC_IMPLEMENTATIONS = YES;
				CLANG_WARN_DIRECT_OBJC_ISA_USAGE = YES_ERROR;
				CLANG_WARN_DOCUMENTATION_COMMENTS = YES;
				CLANG_WARN_EMPTY_BODY = YES;
				CLANG_WARN_ENUM_CONVERSION = YES;
				CLANG_WARN_INFINITE_RECURSION = YES;
				CLANG_WARN_INT_CONVERSION = YES;
				CLANG_WARN_NON_LITERAL_NULL_CONVERSION = YES;
				CLANG_WARN_OBJC_IMPLICIT_RETAIN_SELF = YES;
				CLANG_WARN_OBJC_LITERAL_CONVERSION = YES;
				CLANG_WARN_OBJC_ROOT_CLASS = YES_ERROR;
				CLANG_WARN_RANGE_LOOP_ANALYSIS = YES;
				CLANG_WARN_STRICT_PROTOTYPES = YES;
				CLANG_WARN_SUSPICIOUS_MOVE = YES;
				CLANG_WARN_UNGUARDED_AVAILABILITY = YES_AGGRESSIVE;
				CLANG_WARN_UNREACHABLE_CODE = YES;
				CLANG_WARN__DUPLICATE_METHOD_MATCH = YES;
				CODE_SIGN_IDENTITY = "Mac Developer";
				COPY_PHASE_STRIP = NO;
				DEBUG_INFORMATION_FORMAT = "dwarf-with-dsym";
				ENABLE_NS_ASSERTIONS = NO;
				ENABLE_STRICT_OBJC_MSGSEND = YES;
				GCC_C_LANGUAGE_STANDARD = gnu11;
				GCC_NO_COMMON_BLOCKS = YES;
				GCC_WARN_64_TO_32_BIT_CONVERSION = YES;
				GCC_WARN_ABOUT_RETURN_TYPE = YES_ERROR;
				GCC_WARN_UNDECLARED_SELECTOR = YES;
				GCC_WARN_UNINITIALIZED_AUTOS = YES_AGGRESSIVE;
				GCC_WARN_UNUSED_FUNCTION = YES;
				GCC_WARN_UNUSED_VARIABLE = YES;
				MACOSX_DEPLOYMENT_TARGET = 10.14;
				MTL_ENABLE_DEBUG_INFO = NO;
				MTL_FAST_MATH = YES;
				SDKROOT = macosx;
				SWIFT_COMPILATION_MODE = wholemodule;
				SWIFT_OPTIMIZATION_LEVEL = "-O";
			};
			name = Release;
		};
		55E46C6921C642C500EAD8B1 /* Debug */ = {
			isa = XCBuildConfiguration;
			buildSettings = {
				ASSETCATALOG_COMPILER_APPICON_NAME = AppIcon;
				CLANG_ENABLE_MODULES = YES;
				CODE_SIGN_IDENTITY = "-";
				CODE_SIGN_STYLE = Automatic;
				COMBINE_HIDPI_IMAGES = YES;
				DEVELOPMENT_TEAM = 2CMV7D36JC;
				INFOPLIST_FILE = Mouse_Test/Info.plist;
				LD_RUNPATH_SEARCH_PATHS = (
					"$(inherited)",
					"@executable_path/../Frameworks",
				);
				PRODUCT_BUNDLE_IDENTIFIER = com.Namid3H.N2WH.42261.Sync;
				PRODUCT_NAME = "$(TARGET_NAME)";
				SWIFT_OBJC_BRIDGING_HEADER = "Mouse_Test/Mouse_Test-Bridging-Header.h";
				SWIFT_OPTIMIZATION_LEVEL = "-Onone";
				SWIFT_VERSION = 4.2;
			};
			name = Debug;
		};
		55E46C6A21C642C500EAD8B1 /* Release */ = {
			isa = XCBuildConfiguration;
			buildSettings = {
				ASSETCATALOG_COMPILER_APPICON_NAME = AppIcon;
				CLANG_ENABLE_MODULES = YES;
				CODE_SIGN_IDENTITY = "-";
				CODE_SIGN_STYLE = Automatic;
				COMBINE_HIDPI_IMAGES = YES;
				DEVELOPMENT_TEAM = 2CMV7D36JC;
				INFOPLIST_FILE = Mouse_Test/Info.plist;
				LD_RUNPATH_SEARCH_PATHS = (
					"$(inherited)",
					"@executable_path/../Frameworks",
				);
				PRODUCT_BUNDLE_IDENTIFIER = com.Namid3H.N2WH.42261.Sync;
				PRODUCT_NAME = "$(TARGET_NAME)";
				SWIFT_OBJC_BRIDGING_HEADER = "Mouse_Test/Mouse_Test-Bridging-Header.h";
				SWIFT_VERSION = 4.2;
			};
			name = Release;
		};
/* End XCBuildConfiguration section */

/* Begin XCConfigurationList section */
		55E46C5321C642C200EAD8B1 /* Build configuration list for PBXProject "Mouse_Test" */ = {
			isa = XCConfigurationList;
			buildConfigurations = (
				55E46C6621C642C500EAD8B1 /* Debug */,
				55E46C6721C642C500EAD8B1 /* Release */,
			);
			defaultConfigurationIsVisible = 0;
			defaultConfigurationName = Release;
		};
		55E46C6821C642C500EAD8B1 /* Build configuration list for PBXNativeTarget "Mouse_Test" */ = {
			isa = XCConfigurationList;
			buildConfigurations = (
				55E46C6921C642C500EAD8B1 /* Debug */,
				55E46C6A21C642C500EAD8B1 /* Release */,
			);
			defaultConfigurationIsVisible = 0;
			defaultConfigurationName = Release;
		};
/* End XCConfigurationList section */
	};
	rootObject = 55E46C5021C642C200EAD8B1 /* Project object */;
}
